
Microsoft Visual Studio Solution File, Format Version 12.00
# Visual Studio Version 17
VisualStudioVersion = 17.0.31903.59
MinimumVisualStudioVersion = 10.0.40219.1
Project("{FAE04EC0-301F-11D3-BF4B-00C04F79EFBC}") = "BYT.Task3UnitTests", "BYT.Task3UnitTests\BYT.Task3UnitTests.csproj", "{7567C3DB-9F19-40D1-8186-6FB3BF8340C7}"
EndProject
Project("{FAE04EC0-301F-11D3-BF4B-00C04F79EFBC}") = "BYT.Task3UnitTests.Tests", "BYT.Task3UnitTests.Tests\BYT.Task3UnitTests.Tests.csproj", "{90B0F8D1-18B8-44ED-A5CB-FF324B40C617}"
EndProject
Project("{FAE04EC0-301F-11D3-BF4B-00C04F79EFBC}") = "BYT.Task3UnitTests.Calculator", "BYT.Task3UnitTests.Calculator\BYT.Task3UnitTests.Calculator.csproj", "{070C99BA-3283-4FE2-B3EA-038540B024CA}"
EndProject
Project("{FAE04EC0-301F-11D3-BF4B-00C04F79EFBC}") = "BYT.Task3UnitTests.Calculator.Tests", "BYT.Task3UnitTests.Calculator.Tests\BYT.Task3UnitTests.Calculator.Tests.csproj", "{D9CAF16E-EA65-4840-AC8D-C63285FFD7B2}"
EndProject
Global
	GlobalSection(SolutionConfigurationPlatforms) = preSolution
		Debug|Any CPU = Debug|Any CPU
		Debug|x64 = Debug|x64
		Debug|x86 = Debug|x86
		Release|Any CPU = Release|Any CPU
		Release|x64 = Release|x64
		Release|x86 = Release|x86
	EndGlobalSection
	GlobalSection(ProjectConfigurationPlatforms) = postSolution
		{7567C3DB-9F19-40D1-8186-6FB3BF8340C7}.Debug|Any CPU.ActiveCfg = Debug|Any CPU
		{7567C3DB-9F19-40D1-8186-6FB3BF8340C7}.Debug|Any CPU.Build.0 = Debug|Any CPU
		{7567C3DB-9F19-40D1-8186-6FB3BF8340C7}.Debug|x64.ActiveCfg = Debug|Any CPU
		{7567C3DB-9F19-40D1-8186-6FB3BF8340C7}.Debug|x64.Build.0 = Debug|Any CPU
		{7567C3DB-9F19-40D1-8186-6FB3BF8340C7}.Debug|x86.ActiveCfg = Debug|Any CPU
		{7567C3DB-9F19-40D1-8186-6FB3BF8340C7}.Debug|x86.Build.0 = Debug|Any CPU
		{7567C3DB-9F19-40D1-8186-6FB3BF8340C7}.Release|Any CPU.ActiveCfg = Release|Any CPU
		{7567C3DB-9F19-40D1-8186-6FB3BF8340C7}.Release|Any CPU.Build.0 = Release|Any CPU
		{7567C3DB-9F19-40D1-8186-6FB3BF8340C7}.Release|x64.ActiveCfg = Release|Any CPU
		{7567C3DB-9F19-40D1-8186-6FB3BF8340C7}.Release|x64.Build.0 = Release|Any CPU
		{7567C3DB-9F19-40D1-8186-6FB3BF8340C7}.Release|x86.ActiveCfg = Release|Any CPU
		{7567C3DB-9F19-40D1-8186-6FB3BF8340C7}.Release|x86.Build.0 = Release|Any CPU
		{90B0F8D1-18B8-44ED-A5CB-FF324B40C617}.Debug|Any CPU.ActiveCfg = Debug|Any CPU
		{90B0F8D1-18B8-44ED-A5CB-FF324B40C617}.Debug|Any CPU.Build.0 = Debug|Any CPU
		{90B0F8D1-18B8-44ED-A5CB-FF324B40C617}.Debug|x64.ActiveCfg = Debug|Any CPU
		{90B0F8D1-18B8-44ED-A5CB-FF324B40C617}.Debug|x64.Build.0 = Debug|Any CPU
		{90B0F8D1-18B8-44ED-A5CB-FF324B40C617}.Debug|x86.ActiveCfg = Debug|Any CPU
		{90B0F8D1-18B8-44ED-A5CB-FF324B40C617}.Debug|x86.Build.0 = Debug|Any CPU
		{90B0F8D1-18B8-44ED-A5CB-FF324B40C617}.Release|Any CPU.ActiveCfg = Release|Any CPU
		{90B0F8D1-18B8-44ED-A5CB-FF324B40C617}.Release|Any CPU.Build.0 = Release|Any CPU
		{90B0F8D1-18B8-44ED-A5CB-FF324B40C617}.Release|x64.ActiveCfg = Release|Any CPU
		{90B0F8D1-18B8-44ED-A5CB-FF324B40C617}.Release|x64.Build.0 = Release|Any CPU
		{90B0F8D1-18B8-44ED-A5CB-FF324B40C617}.Release|x86.ActiveCfg = Release|Any CPU
		{90B0F8D1-18B8-44ED-A5CB-FF324B40C617}.Release|x86.Build.0 = Release|Any CPU
		{070C99BA-3283-4FE2-B3EA-038540B024CA}.Debug|Any CPU.ActiveCfg = Debug|Any CPU
		{070C99BA-3283-4FE2-B3EA-038540B024CA}.Debug|Any CPU.Build.0 = Debug|Any CPU
		{070C99BA-3283-4FE2-B3EA-038540B024CA}.Debug|x64.ActiveCfg = Debug|Any CPU
		{070C99BA-3283-4FE2-B3EA-038540B024CA}.Debug|x64.Build.0 = Debug|Any CPU
		{070C99BA-3283-4FE2-B3EA-038540B024CA}.Debug|x86.ActiveCfg = Debug|Any CPU
		{070C99BA-3283-4FE2-B3EA-038540B024CA}.Debug|x86.Build.0 = Debug|Any CPU
		{070C99BA-3283-4FE2-B3EA-038540B024CA}.Release|Any CPU.ActiveCfg = Release|Any CPU
		{070C99BA-3283-4FE2-B3EA-038540B024CA}.Release|Any CPU.Build.0 = Release|Any CPU
		{070C99BA-3283-4FE2-B3EA-038540B024CA}.Release|x64.ActiveCfg = Release|Any CPU
		{070C99BA-3283-4FE2-B3EA-038540B024CA}.Release|x64.Build.0 = Release|Any CPU
		{070C99BA-3283-4FE2-B3EA-038540B024CA}.Release|x86.ActiveCfg = Release|Any CPU
		{070C99BA-3283-4FE2-B3EA-038540B024CA}.Release|x86.Build.0 = Release|Any CPU
		{D9CAF16E-EA65-4840-AC8D-C63285FFD7B2}.Debug|Any CPU.ActiveCfg = Debug|Any CPU
		{D9CAF16E-EA65-4840-AC8D-C63285FFD7B2}.Debug|Any CPU.Build.0 = Debug|Any CPU
		{D9CAF16E-EA65-4840-AC8D-C63285FFD7B2}.Debug|x64.ActiveCfg = Debug|Any CPU
		{D9CAF16E-EA65-4840-AC8D-C63285FFD7B2}.Debug|x64.Build.0 = Debug|Any CPU
		{D9CAF16E-EA65-4840-AC8D-C63285FFD7B2}.Debug|x86.ActiveCfg = Debug|Any CPU
		{D9CAF16E-EA65-4840-AC8D-C63285FFD7B2}.Debug|x86.Build.0 = Debug|Any CPU
		{D9CAF16E-EA65-4840-AC8D-C63285FFD7B2}.Release|Any CPU.ActiveCfg = Release|Any CPU
		{D9CAF16E-EA65-4840-AC8D-C63285FFD7B2}.Release|Any CPU.Build.0 = Release|Any CPU
		{D9CAF16E-EA65-4840-AC8D-C63285FFD7B2}.Release|x64.ActiveCfg = Release|Any CPU
		{D9CAF16E-EA65-4840-AC8D-C63285FFD7B2}.Release|x64.Build.0 = Release|Any CPU
		{D9CAF16E-EA65-4840-AC8D-C63285FFD7B2}.Release|x86.ActiveCfg = Release|Any CPU
		{D9CAF16E-EA65-4840-AC8D-C63285FFD7B2}.Release|x86.Build.0 = Release|Any CPU
	EndGlobalSection
	GlobalSection(SolutionProperties) = preSolution
		HideSolutionNode = FALSE
	EndGlobalSection
EndGlobal
